<?xml version="1.0" encoding="utf-8"?>
<Project ToolsVersion="4.0" xmlns="http://schemas.microsoft.com/developer/msbuild/2003">
  <ItemGroup>
    <ClCompile Include="shader.cpp">
      <Filter>Source</Filter>
    </ClCompile>
    <ClCompile Include="main.cpp">
      <Filter>Source</Filter>
    </ClCompile>
    <ClCompile Include="Plane.cpp">
      <Filter>Source</Filter>
    </ClCompile>
    <ClCompile Include="Sphere.cpp">
      <Filter>Source</Filter>
    </ClCompile>
    <ClCompile Include="Cylinder.cpp">
      <Filter>Source</Filter>
    </ClCompile>
  </ItemGroup>
  <ItemGroup>
    <None Include="SimpleVertexShader.vertexshader">
      <Filter>_Shaders</Filter>
    </None>
    <None Include="SimpleFragmentShader.fragmentshader">
      <Filter>_Shaders</Filter>
    </None>
  </ItemGroup>
  <ItemGroup>
    <Filter Include="Source">
      <UniqueIdentifier>{b14455ef-59e3-4433-be5a-98273843c3b4}</UniqueIdentifier>
    </Filter>
    <Filter Include="Headers">
      <UniqueIdentifier>{82f893b9-5e34-4f4b-aeac-010a997445be}</UniqueIdentifier>
    </Filter>
    <Filter Include="_Shaders">
      <UniqueIdentifier>{7b1688b9-0368-4af2-a308-47db6d65380e}</UniqueIdentifier>
    </Filter>
  </ItemGroup>
  <ItemGroup>
    <ClInclude Include="Sphere.hpp">
      <Filter>Headers</Filter>
    </ClInclude>
    <ClInclude Include="Plane.hpp">
      <Filter>Headers</Filter>
    </ClInclude>
    <ClInclude Include="Cylinder.hpp">
      <Filter>Headers</Filter>
    </ClInclude>
  </ItemGroup>
</Project>